
Microsoft Visual Studio Solution File, Format Version 12.00
# Visual Studio Version 17
VisualStudioVersion = 17.6.33815.320
MinimumVisualStudioVersion = 10.0.40219.1
Project("{FAE04EC0-301F-11D3-BF4B-00C04F79EFBC}") = "ChessBoardConsoleApp", "ChessBoardConsoleApp\ChessBoardConsoleApp.csproj", "{D3492CD2-6416-402F-B30E-31A51E9EE8DE}"
EndProject
Project("{FAE04EC0-301F-11D3-BF4B-00C04F79EFBC}") = "ChessBoardModel", "ChessBoardModel\ChessBoardModel.csproj", "{4DAEDA95-D382-45D6-9299-F0680C48B96B}"
EndProject
Global
	GlobalSection(SolutionConfigurationPlatforms) = preSolution
		Debug|Any CPU = Debug|Any CPU
		Release|Any CPU = Release|Any CPU
	EndGlobalSection
	GlobalSection(ProjectConfigurationPlatforms) = postSolution
		{D3492CD2-6416-402F-B30E-31A51E9EE8DE}.Debug|Any CPU.ActiveCfg = Debug|Any CPU
		{D3492CD2-6416-402F-B30E-31A51E9EE8DE}.Debug|Any CPU.Build.0 = Debug|Any CPU
		{D3492CD2-6416-402F-B30E-31A51E9EE8DE}.Release|Any CPU.ActiveCfg = Release|Any CPU
		{D3492CD2-6416-402F-B30E-31A51E9EE8DE}.Release|Any CPU.Build.0 = Release|Any CPU
		{4DAEDA95-D382-45D6-9299-F0680C48B96B}.Debug|Any CPU.ActiveCfg = Debug|Any CPU
		{4DAEDA95-D382-45D6-9299-F0680C48B96B}.Debug|Any CPU.Build.0 = Debug|Any CPU
		{4DAEDA95-D382-45D6-9299-F0680C48B96B}.Release|Any CPU.ActiveCfg = Release|Any CPU
		{4DAEDA95-D382-45D6-9299-F0680C48B96B}.Release|Any CPU.Build.0 = Release|Any CPU
	EndGlobalSection
	GlobalSection(SolutionProperties) = preSolution
		HideSolutionNode = FALSE
	EndGlobalSection
	GlobalSection(ExtensibilityGlobals) = postSolution
		SolutionGuid = {1017C4E9-D92E-43A7-9A3E-5224557E3762}
	EndGlobalSection
EndGlobal
